
Microsoft Visual Studio Solution File, Format Version 12.00
# Visual Studio Version 16
VisualStudioVersion = 16.0.30611.23
MinimumVisualStudioVersion = 10.0.40219.1
Project("{9A19103F-16F7-4668-BE54-9A1E7A4F7556}") = "Lombard_00", "Lombard_00\Lombard_00.csproj", "{91E250BB-D635-49C2-AE58-9680F7B13B5E}"
EndProject
Project("{FAE04EC0-301F-11D3-BF4B-00C04F79EFBC}") = "Lombard_01", "Lombard_01\Lombard_01.csproj", "{E0C0F667-0B8A-4474-B2AB-882480FC25A1}"
EndProject
Project("{FAE04EC0-301F-11D3-BF4B-00C04F79EFBC}") = "Lombard_02", "Lombard_02\Lombard_02.csproj", "{E027A8C3-4B65-46AB-8B59-77C6B824EBAA}"
EndProject
Global
	GlobalSection(SolutionConfigurationPlatforms) = preSolution
		Debug|Any CPU = Debug|Any CPU
		Release|Any CPU = Release|Any CPU
	EndGlobalSection
	GlobalSection(ProjectConfigurationPlatforms) = postSolution
		{91E250BB-D635-49C2-AE58-9680F7B13B5E}.Debug|Any CPU.ActiveCfg = Debug|Any CPU
		{91E250BB-D635-49C2-AE58-9680F7B13B5E}.Debug|Any CPU.Build.0 = Debug|Any CPU
		{91E250BB-D635-49C2-AE58-9680F7B13B5E}.Release|Any CPU.ActiveCfg = Release|Any CPU
		{91E250BB-D635-49C2-AE58-9680F7B13B5E}.Release|Any CPU.Build.0 = Release|Any CPU
		{E0C0F667-0B8A-4474-B2AB-882480FC25A1}.Debug|Any CPU.ActiveCfg = Debug|Any CPU
		{E0C0F667-0B8A-4474-B2AB-882480FC25A1}.Debug|Any CPU.Build.0 = Debug|Any CPU
		{E0C0F667-0B8A-4474-B2AB-882480FC25A1}.Release|Any CPU.ActiveCfg = Release|Any CPU
		{E0C0F667-0B8A-4474-B2AB-882480FC25A1}.Release|Any CPU.Build.0 = Release|Any CPU
		{E027A8C3-4B65-46AB-8B59-77C6B824EBAA}.Debug|Any CPU.ActiveCfg = Debug|Any CPU
		{E027A8C3-4B65-46AB-8B59-77C6B824EBAA}.Debug|Any CPU.Build.0 = Debug|Any CPU
		{E027A8C3-4B65-46AB-8B59-77C6B824EBAA}.Release|Any CPU.ActiveCfg = Release|Any CPU
		{E027A8C3-4B65-46AB-8B59-77C6B824EBAA}.Release|Any CPU.Build.0 = Release|Any CPU
	EndGlobalSection
	GlobalSection(SolutionProperties) = preSolution
		HideSolutionNode = FALSE
	EndGlobalSection
	GlobalSection(ExtensibilityGlobals) = postSolution
		SolutionGuid = {E225CF99-16BC-4674-A49F-E1B098DF3220}
	EndGlobalSection
EndGlobal
